{
    "_readme": [
        "This file locks the dependencies of your project to a known state",
        "Read more about it at https://getcomposer.org/doc/01-basic-usage.md#installing-dependencies",
        "This file is @generated automatically"
    ],
    "content-hash": "3f371878371e6fd3dc3504a4c4325b98",
    "packages": [
        {
            "name": "jiangbaiyan/nos-framework",
            "version": "dev-master",
            "source": {
                "type": "git",
                "url": "http://122.152.229.221:8606/nos/nos-framework.git",
                "reference": "a54094e398a870df0b1db399c8e877b92019696a"
            },
            "require": {
                "ext-curl": "*",
                "ext-json": "*",
                "ext-pdo": "*",
                "php": ">=7.0.0"
            },
            "type": "library",
            "autoload": {
                "psr-4": {
                    "Nos\\": "src/"
                }
            },
            "notification-url": "https://packagist.org/downloads/",
            "license": [
                "MIT"
            ],
            "authors": [
                {
                    "name": "baiyan Jiang",
                    "email": "987082332@qq.com",
                    "homepage": "https://github.com/jiangbaiyan",
                    "role": "Developer"
                }
            ],
            "description": "A PHP framework focused on API development based on Yaf by jiangbaiyan && guobutao",
            "homepage": "https://github.com/jiangbaiyan/nos",
            "keywords": [
                "NOS",
                "api",
                "yaf"
            ],
            "time": "2019-10-22T09:45:45+00:00"
        }
    ],
    "packages-dev": [],
    "aliases": [],
    "minimum-stability": "stable",
    "stability-flags": {
        "jiangbaiyan/nos-framework": 20
    },
    "prefer-stable": false,
    "prefer-lowest": false,
    "platform": {
        "php": ">=7.0.0",
        "ext-json": "*",
        "ext-mbstring": "*",
        "ext-pdo": "*"
    },
    "platform-dev": []
}
